<Solution>
  <Configurations>
    <Platform Name="x64" />
    <Platform Name="x86" />
  </Configurations>
  <Folder Name="/ソリューション項目/">
    <File Path=".editorconfig" />
  </Folder>
  <Project Path="TextureConverter/externals/DirectXTex/DirectXTex_Desktop_2022_Win10.vcxproj" Id="371b9fa9-4c90-4ac6-a123-aced756d6c77" />
  <Project Path="TextureConverter/TextureConverter.vcxproj" Id="601fd0be-3c49-49e4-b292-88c536c7cd83">
    <Platform Project="x64" />
    <Build Solution="*|x86" Project="false" />
  </Project>
</Solution>
